
Microsoft Visual Studio Solution File, Format Version 12.00
# Visual Studio Version 16
VisualStudioVersion = 16.0.29721.120
MinimumVisualStudioVersion = 10.0.40219.1
Project("{9A19103F-16F7-4668-BE54-9A1E7A4F7556}") = "WepApi", "WepApi\WepApi.csproj", "{32B1D42D-11E4-4164-A8E9-79203EC59D3E}"
EndProject
Project("{FAE04EC0-301F-11D3-BF4B-00C04F79EFBC}") = "XUnitTestP", "XUnitTestP\XUnitTestP.csproj", "{896EFE07-AF9D-43D1-A8EF-CB04C4704A0D}"
EndProject
Global
	GlobalSection(SolutionConfigurationPlatforms) = preSolution
		Debug|Any CPU = Debug|Any CPU
		Release|Any CPU = Release|Any CPU
	EndGlobalSection
	GlobalSection(ProjectConfigurationPlatforms) = postSolution
		{32B1D42D-11E4-4164-A8E9-79203EC59D3E}.Debug|Any CPU.ActiveCfg = Debug|Any CPU
		{32B1D42D-11E4-4164-A8E9-79203EC59D3E}.Debug|Any CPU.Build.0 = Debug|Any CPU
		{32B1D42D-11E4-4164-A8E9-79203EC59D3E}.Release|Any CPU.ActiveCfg = Release|Any CPU
		{32B1D42D-11E4-4164-A8E9-79203EC59D3E}.Release|Any CPU.Build.0 = Release|Any CPU
		{896EFE07-AF9D-43D1-A8EF-CB04C4704A0D}.Debug|Any CPU.ActiveCfg = Debug|Any CPU
		{896EFE07-AF9D-43D1-A8EF-CB04C4704A0D}.Debug|Any CPU.Build.0 = Debug|Any CPU
		{896EFE07-AF9D-43D1-A8EF-CB04C4704A0D}.Release|Any CPU.ActiveCfg = Release|Any CPU
		{896EFE07-AF9D-43D1-A8EF-CB04C4704A0D}.Release|Any CPU.Build.0 = Release|Any CPU
	EndGlobalSection
	GlobalSection(SolutionProperties) = preSolution
		HideSolutionNode = FALSE
	EndGlobalSection
	GlobalSection(ExtensibilityGlobals) = postSolution
		SolutionGuid = {26A512DD-1536-416B-846D-625BD95AA453}
	EndGlobalSection
EndGlobal
